
Microsoft Visual Studio Solution File, Format Version 12.00
# Visual Studio Version 17
VisualStudioVersion = 17.0.31903.59
MinimumVisualStudioVersion = 10.0.40219.1
Project("{F2A71F9B-5D33-465A-A702-920D77279786}") = "Groupify", "Groupify\Groupify.fsproj", "{089C2E7E-5E9F-4D94-8988-0584479BABB5}"
EndProject
Project("{F2A71F9B-5D33-465A-A702-920D77279786}") = "GroupifyTest", "GroupifyTest\GroupifyTest.fsproj", "{8F09729E-7A06-419A-8D92-38A903072501}"
EndProject
Global
	GlobalSection(SolutionConfigurationPlatforms) = preSolution
		Debug|Any CPU = Debug|Any CPU
		Release|Any CPU = Release|Any CPU
	EndGlobalSection
	GlobalSection(SolutionProperties) = preSolution
		HideSolutionNode = FALSE
	EndGlobalSection
	GlobalSection(ProjectConfigurationPlatforms) = postSolution
		{089C2E7E-5E9F-4D94-8988-0584479BABB5}.Debug|Any CPU.ActiveCfg = Debug|Any CPU
		{089C2E7E-5E9F-4D94-8988-0584479BABB5}.Debug|Any CPU.Build.0 = Debug|Any CPU
		{089C2E7E-5E9F-4D94-8988-0584479BABB5}.Release|Any CPU.ActiveCfg = Release|Any CPU
		{089C2E7E-5E9F-4D94-8988-0584479BABB5}.Release|Any CPU.Build.0 = Release|Any CPU
		{8F09729E-7A06-419A-8D92-38A903072501}.Debug|Any CPU.ActiveCfg = Debug|Any CPU
		{8F09729E-7A06-419A-8D92-38A903072501}.Debug|Any CPU.Build.0 = Debug|Any CPU
		{8F09729E-7A06-419A-8D92-38A903072501}.Release|Any CPU.ActiveCfg = Release|Any CPU
		{8F09729E-7A06-419A-8D92-38A903072501}.Release|Any CPU.Build.0 = Release|Any CPU
	EndGlobalSection
EndGlobal
